
Microsoft Visual Studio Solution File, Format Version 12.00
# Visual Studio Version 17
VisualStudioVersion = 17.5.002.0
MinimumVisualStudioVersion = 10.0.40219.1
Project("{9A19103F-16F7-4668-BE54-9A1E7A4F7556}") = "MyApi", "MyApi.csproj", "{CACE70D5-7676-4E69-965D-AC600A48DEDA}"
EndProject
Global
	GlobalSection(SolutionConfigurationPlatforms) = preSolution
		Debug|Any CPU = Debug|Any CPU
		Release|Any CPU = Release|Any CPU
	EndGlobalSection
	GlobalSection(ProjectConfigurationPlatforms) = postSolution
		{CACE70D5-7676-4E69-965D-AC600A48DEDA}.Debug|Any CPU.ActiveCfg = Debug|Any CPU
		{CACE70D5-7676-4E69-965D-AC600A48DEDA}.Debug|Any CPU.Build.0 = Debug|Any CPU
		{CACE70D5-7676-4E69-965D-AC600A48DEDA}.Release|Any CPU.ActiveCfg = Release|Any CPU
		{CACE70D5-7676-4E69-965D-AC600A48DEDA}.Release|Any CPU.Build.0 = Release|Any CPU
	EndGlobalSection
	GlobalSection(SolutionProperties) = preSolution
		HideSolutionNode = FALSE
	EndGlobalSection
	GlobalSection(ExtensibilityGlobals) = postSolution
		SolutionGuid = {E66DDC1B-CCE9-4649-ACFC-F35DD6EE5A0B}
	EndGlobalSection
EndGlobal
